
Microsoft Visual Studio Solution File, Format Version 12.00
# Visual Studio 14
VisualStudioVersion = 14.0.25420.1
MinimumVisualStudioVersion = 10.0.40219.1
Project("{FAE04EC0-301F-11D3-BF4B-00C04F79EFBC}") = "AdventureEngine", "AdventureEngine\AdventureEngine.csproj", "{18C7C169-FBDC-4A19-BB9C-1A61598E3E1B}"
EndProject
Project("{FAE04EC0-301F-11D3-BF4B-00C04F79EFBC}") = "TestingApplication", "TestingApplication\TestingApplication.csproj", "{D65E3E58-1383-4AFF-9727-F19A0B855BD5}"
EndProject
Project("{FAE04EC0-301F-11D3-BF4B-00C04F79EFBC}") = "AdventureEngine.AssetManagement", "AdventureEngine.Assets\AdventureEngine.AssetManagement.csproj", "{1C1FCBF1-6268-4C02-8E1B-EE6D7C5F32CE}"
EndProject
Project("{FAE04EC0-301F-11D3-BF4B-00C04F79EFBC}") = "AdventureEngine.Logging", "AdventureEngine.Logging\AdventureEngine.Logging.csproj", "{40375B04-268C-4D23-B402-43ED772F927A}"
EndProject
Project("{FAE04EC0-301F-11D3-BF4B-00C04F79EFBC}") = "AdventureEngine.Messaging", "AdventureEngine.Messages\AdventureEngine.Messaging.csproj", "{6054DF5B-C4E4-43BD-B9F0-5ADB159379F6}"
EndProject
Project("{FAE04EC0-301F-11D3-BF4B-00C04F79EFBC}") = "AdventureEngine.Extensions", "AdventureEngine.Extensions\AdventureEngine.Extensions.csproj", "{37161754-AA79-4B90-90DB-E4FA64688940}"
EndProject
Project("{FAE04EC0-301F-11D3-BF4B-00C04F79EFBC}") = "AdventureEngine.Communication", "AdventureEngine.Communication\AdventureEngine.Communication.csproj", "{697942F3-E732-4988-8F3B-402EA8DD876B}"
EndProject
Project("{FAE04EC0-301F-11D3-BF4B-00C04F79EFBC}") = "AdventureEngine.2DGraphics", "AdventureEngine.2DGraphics\AdventureEngine.2DGraphics.csproj", "{EFC32A9A-0E8E-4CC1-BBFC-7645EC43650F}"
EndProject
Project("{FAE04EC0-301F-11D3-BF4B-00C04F79EFBC}") = "AdventureEngine.Input", "AdventureEngine.Input\AdventureEngine.Input.csproj", "{8C6963A1-636F-4FEF-BA35-549163921213}"
EndProject
Global
	GlobalSection(SolutionConfigurationPlatforms) = preSolution
		Debug|Any CPU = Debug|Any CPU
		Debug|x86 = Debug|x86
		Release|Any CPU = Release|Any CPU
		Release|x86 = Release|x86
	EndGlobalSection
	GlobalSection(ProjectConfigurationPlatforms) = postSolution
		{18C7C169-FBDC-4A19-BB9C-1A61598E3E1B}.Debug|Any CPU.ActiveCfg = Debug|Any CPU
		{18C7C169-FBDC-4A19-BB9C-1A61598E3E1B}.Debug|Any CPU.Build.0 = Debug|Any CPU
		{18C7C169-FBDC-4A19-BB9C-1A61598E3E1B}.Debug|x86.ActiveCfg = Debug|Any CPU
		{18C7C169-FBDC-4A19-BB9C-1A61598E3E1B}.Debug|x86.Build.0 = Debug|Any CPU
		{18C7C169-FBDC-4A19-BB9C-1A61598E3E1B}.Release|Any CPU.ActiveCfg = Release|Any CPU
		{18C7C169-FBDC-4A19-BB9C-1A61598E3E1B}.Release|Any CPU.Build.0 = Release|Any CPU
		{18C7C169-FBDC-4A19-BB9C-1A61598E3E1B}.Release|x86.ActiveCfg = Release|Any CPU
		{18C7C169-FBDC-4A19-BB9C-1A61598E3E1B}.Release|x86.Build.0 = Release|Any CPU
		{D65E3E58-1383-4AFF-9727-F19A0B855BD5}.Debug|Any CPU.ActiveCfg = Debug|x86
		{D65E3E58-1383-4AFF-9727-F19A0B855BD5}.Debug|Any CPU.Build.0 = Debug|x86
		{D65E3E58-1383-4AFF-9727-F19A0B855BD5}.Debug|x86.ActiveCfg = Debug|x86
		{D65E3E58-1383-4AFF-9727-F19A0B855BD5}.Debug|x86.Build.0 = Debug|x86
		{D65E3E58-1383-4AFF-9727-F19A0B855BD5}.Release|Any CPU.ActiveCfg = Release|x86
		{D65E3E58-1383-4AFF-9727-F19A0B855BD5}.Release|x86.ActiveCfg = Release|x86
		{D65E3E58-1383-4AFF-9727-F19A0B855BD5}.Release|x86.Build.0 = Release|x86
		{1C1FCBF1-6268-4C02-8E1B-EE6D7C5F32CE}.Debug|Any CPU.ActiveCfg = Debug|Any CPU
		{1C1FCBF1-6268-4C02-8E1B-EE6D7C5F32CE}.Debug|Any CPU.Build.0 = Debug|Any CPU
		{1C1FCBF1-6268-4C02-8E1B-EE6D7C5F32CE}.Debug|x86.ActiveCfg = Debug|Any CPU
		{1C1FCBF1-6268-4C02-8E1B-EE6D7C5F32CE}.Debug|x86.Build.0 = Debug|Any CPU
		{1C1FCBF1-6268-4C02-8E1B-EE6D7C5F32CE}.Release|Any CPU.ActiveCfg = Release|Any CPU
		{1C1FCBF1-6268-4C02-8E1B-EE6D7C5F32CE}.Release|Any CPU.Build.0 = Release|Any CPU
		{1C1FCBF1-6268-4C02-8E1B-EE6D7C5F32CE}.Release|x86.ActiveCfg = Release|Any CPU
		{1C1FCBF1-6268-4C02-8E1B-EE6D7C5F32CE}.Release|x86.Build.0 = Release|Any CPU
		{40375B04-268C-4D23-B402-43ED772F927A}.Debug|Any CPU.ActiveCfg = Debug|Any CPU
		{40375B04-268C-4D23-B402-43ED772F927A}.Debug|Any CPU.Build.0 = Debug|Any CPU
		{40375B04-268C-4D23-B402-43ED772F927A}.Debug|x86.ActiveCfg = Debug|Any CPU
		{40375B04-268C-4D23-B402-43ED772F927A}.Debug|x86.Build.0 = Debug|Any CPU
		{40375B04-268C-4D23-B402-43ED772F927A}.Release|Any CPU.ActiveCfg = Release|Any CPU
		{40375B04-268C-4D23-B402-43ED772F927A}.Release|Any CPU.Build.0 = Release|Any CPU
		{40375B04-268C-4D23-B402-43ED772F927A}.Release|x86.ActiveCfg = Release|Any CPU
		{40375B04-268C-4D23-B402-43ED772F927A}.Release|x86.Build.0 = Release|Any CPU
		{6054DF5B-C4E4-43BD-B9F0-5ADB159379F6}.Debug|Any CPU.ActiveCfg = Debug|Any CPU
		{6054DF5B-C4E4-43BD-B9F0-5ADB159379F6}.Debug|Any CPU.Build.0 = Debug|Any CPU
		{6054DF5B-C4E4-43BD-B9F0-5ADB159379F6}.Debug|x86.ActiveCfg = Debug|Any CPU
		{6054DF5B-C4E4-43BD-B9F0-5ADB159379F6}.Debug|x86.Build.0 = Debug|Any CPU
		{6054DF5B-C4E4-43BD-B9F0-5ADB159379F6}.Release|Any CPU.ActiveCfg = Release|Any CPU
		{6054DF5B-C4E4-43BD-B9F0-5ADB159379F6}.Release|Any CPU.Build.0 = Release|Any CPU
		{6054DF5B-C4E4-43BD-B9F0-5ADB159379F6}.Release|x86.ActiveCfg = Release|Any CPU
		{6054DF5B-C4E4-43BD-B9F0-5ADB159379F6}.Release|x86.Build.0 = Release|Any CPU
		{37161754-AA79-4B90-90DB-E4FA64688940}.Debug|Any CPU.ActiveCfg = Debug|Any CPU
		{37161754-AA79-4B90-90DB-E4FA64688940}.Debug|Any CPU.Build.0 = Debug|Any CPU
		{37161754-AA79-4B90-90DB-E4FA64688940}.Debug|x86.ActiveCfg = Debug|Any CPU
		{37161754-AA79-4B90-90DB-E4FA64688940}.Debug|x86.Build.0 = Debug|Any CPU
		{37161754-AA79-4B90-90DB-E4FA64688940}.Release|Any CPU.ActiveCfg = Release|Any CPU
		{37161754-AA79-4B90-90DB-E4FA64688940}.Release|Any CPU.Build.0 = Release|Any CPU
		{37161754-AA79-4B90-90DB-E4FA64688940}.Release|x86.ActiveCfg = Release|Any CPU
		{37161754-AA79-4B90-90DB-E4FA64688940}.Release|x86.Build.0 = Release|Any CPU
		{697942F3-E732-4988-8F3B-402EA8DD876B}.Debug|Any CPU.ActiveCfg = Debug|Any CPU
		{697942F3-E732-4988-8F3B-402EA8DD876B}.Debug|Any CPU.Build.0 = Debug|Any CPU
		{697942F3-E732-4988-8F3B-402EA8DD876B}.Debug|x86.ActiveCfg = Debug|Any CPU
		{697942F3-E732-4988-8F3B-402EA8DD876B}.Debug|x86.Build.0 = Debug|Any CPU
		{697942F3-E732-4988-8F3B-402EA8DD876B}.Release|Any CPU.ActiveCfg = Release|Any CPU
		{697942F3-E732-4988-8F3B-402EA8DD876B}.Release|Any CPU.Build.0 = Release|Any CPU
		{697942F3-E732-4988-8F3B-402EA8DD876B}.Release|x86.ActiveCfg = Release|Any CPU
		{697942F3-E732-4988-8F3B-402EA8DD876B}.Release|x86.Build.0 = Release|Any CPU
		{EFC32A9A-0E8E-4CC1-BBFC-7645EC43650F}.Debug|Any CPU.ActiveCfg = Debug|Any CPU
		{EFC32A9A-0E8E-4CC1-BBFC-7645EC43650F}.Debug|Any CPU.Build.0 = Debug|Any CPU
		{EFC32A9A-0E8E-4CC1-BBFC-7645EC43650F}.Debug|x86.ActiveCfg = Debug|Any CPU
		{EFC32A9A-0E8E-4CC1-BBFC-7645EC43650F}.Debug|x86.Build.0 = Debug|Any CPU
		{EFC32A9A-0E8E-4CC1-BBFC-7645EC43650F}.Release|Any CPU.ActiveCfg = Release|Any CPU
		{EFC32A9A-0E8E-4CC1-BBFC-7645EC43650F}.Release|Any CPU.Build.0 = Release|Any CPU
		{EFC32A9A-0E8E-4CC1-BBFC-7645EC43650F}.Release|x86.ActiveCfg = Release|Any CPU
		{EFC32A9A-0E8E-4CC1-BBFC-7645EC43650F}.Release|x86.Build.0 = Release|Any CPU
		{8C6963A1-636F-4FEF-BA35-549163921213}.Debug|Any CPU.ActiveCfg = Debug|Any CPU
		{8C6963A1-636F-4FEF-BA35-549163921213}.Debug|Any CPU.Build.0 = Debug|Any CPU
		{8C6963A1-636F-4FEF-BA35-549163921213}.Debug|x86.ActiveCfg = Debug|Any CPU
		{8C6963A1-636F-4FEF-BA35-549163921213}.Debug|x86.Build.0 = Debug|Any CPU
		{8C6963A1-636F-4FEF-BA35-549163921213}.Release|Any CPU.ActiveCfg = Release|Any CPU
		{8C6963A1-636F-4FEF-BA35-549163921213}.Release|Any CPU.Build.0 = Release|Any CPU
		{8C6963A1-636F-4FEF-BA35-549163921213}.Release|x86.ActiveCfg = Release|Any CPU
		{8C6963A1-636F-4FEF-BA35-549163921213}.Release|x86.Build.0 = Release|Any CPU
	EndGlobalSection
	GlobalSection(SolutionProperties) = preSolution
		HideSolutionNode = FALSE
	EndGlobalSection
EndGlobal
